Microsoft Visual Studio Solution File, Format Version 12.00
# Visual Studio 15
VisualStudioVersion = 15.0.26730.10
MinimumVisualStudioVersion = 10.0.40219.1
Project("{2150E333-8FDC-42A3-9474-1A3956D46DE8}") = ".paket", ".paket", "{08CA0E48-E26D-4137-A36C-5BEDCEFBB1A8}"
	ProjectSection(SolutionItems) = preProject
		paket.dependencies = paket.dependencies
	EndProjectSection
EndProject
Project("{F2A71F9B-5D33-465A-A702-920D77279786}") = "GetIt.Common", "GetIt.Common\GetIt.Common.fsproj", "{33F61FBB-B012-4CD3-BD24-315B7DFEBB2E}"
EndProject
Project("{F2A71F9B-5D33-465A-A702-920D77279786}") = "GetIt.Controller", "GetIt.Controller\GetIt.Controller.fsproj", "{122DDE46-FCAD-46AA-B773-B710E3258279}"
EndProject
Project("{FAE04EC0-301F-11D3-BF4B-00C04F79EFBC}") = "GetIt.Sample", "GetIt.Sample\GetIt.Sample.csproj", "{59FEDD02-3587-45C9-88F2-2F290469430D}"
EndProject
Project("{F2A71F9B-5D33-465A-A702-920D77279786}") = "GetIt.Windows", "GetIt.Windows\GetIt.Windows.fsproj", "{B9B76D50-821C-4F63-B09F-636625FF7889}"
EndProject
Project("{F2A71F9B-5D33-465A-A702-920D77279786}") = "GetIt.CommandGeneration", "GetIt.CommandGeneration\GetIt.CommandGeneration.fsproj", "{D5B95D92-B19E-409C-A7C0-74D8F7213E30}"
EndProject
Project("{F2A71F9B-5D33-465A-A702-920D77279786}") = "GetIt.AssetGeneration", "GetIt.AssetGeneration\GetIt.AssetGeneration.fsproj", "{1C7C7921-5A9A-41A7-B2B2-CA05119011C8}"
EndProject
Project("{F2A71F9B-5D33-465A-A702-920D77279786}") = "GetIt.Sample.TSP.ProblemsGenerator", "GetIt.Sample.TSP.ProblemsGenerator\GetIt.Sample.TSP.ProblemsGenerator.fsproj", "{1346D494-DD68-4E4B-BC13-4781EAB42C09}"
EndProject
Project("{F2A71F9B-5D33-465A-A702-920D77279786}") = "GetIt.Sample.TSP", "GetIt.Sample.TSP\GetIt.Sample.TSP.fsproj", "{536541D9-36DB-4782-8B99-31439A515982}"
EndProject
Project("{FAE04EC0-301F-11D3-BF4B-00C04F79EFBC}") = "GetIt.Sample.Print", "GetIt.Sample.Print\GetIt.Sample.Print.csproj", "{CECC79C0-C169-4476-B5B6-8735E336033E}"
EndProject
Project("{F2A71F9B-5D33-465A-A702-920D77279786}") = "GetIt.Test", "GetIt.Test\GetIt.Test.fsproj", "{C32AA9A7-15E9-4DE5-AC5D-6A5FCFF9FAC1}"
EndProject
Project("{F2A71F9B-5D33-465A-A702-920D77279786}") = "GetIt.UI.Container", "GetIt.UI.Container\GetIt.UI.Container.fsproj", "{7A407D4E-FC53-4F53-8D48-79E6E2C2A6DA}"
EndProject
Global
	GlobalSection(SolutionConfigurationPlatforms) = preSolution
		Ad-Hoc|Any CPU = Ad-Hoc|Any CPU
		Ad-Hoc|ARM = Ad-Hoc|ARM
		Ad-Hoc|iPhone = Ad-Hoc|iPhone
		Ad-Hoc|iPhoneSimulator = Ad-Hoc|iPhoneSimulator
		Ad-Hoc|x64 = Ad-Hoc|x64
		Ad-Hoc|x86 = Ad-Hoc|x86
		AppStore|Any CPU = AppStore|Any CPU
		AppStore|ARM = AppStore|ARM
		AppStore|iPhone = AppStore|iPhone
		AppStore|iPhoneSimulator = AppStore|iPhoneSimulator
		AppStore|x64 = AppStore|x64
		AppStore|x86 = AppStore|x86
		Debug|Any CPU = Debug|Any CPU
		Debug|ARM = Debug|ARM
		Debug|iPhone = Debug|iPhone
		Debug|iPhoneSimulator = Debug|iPhoneSimulator
		Debug|x64 = Debug|x64
		Debug|x86 = Debug|x86
		Release|Any CPU = Release|Any CPU
		Release|ARM = Release|ARM
		Release|iPhone = Release|iPhone
		Release|iPhoneSimulator = Release|iPhoneSimulator
		Release|x64 = Release|x64
		Release|x86 = Release|x86
	EndGlobalSection
	GlobalSection(ProjectConfigurationPlatforms) = postSolution
		{33F61FBB-B012-4CD3-BD24-315B7DFEBB2E}.Ad-Hoc|Any CPU.ActiveCfg = Debug|Any CPU
		{33F61FBB-B012-4CD3-BD24-315B7DFEBB2E}.Ad-Hoc|Any CPU.Build.0 = Debug|Any CPU
		{33F61FBB-B012-4CD3-BD24-315B7DFEBB2E}.Ad-Hoc|ARM.ActiveCfg = Debug|Any CPU
		{33F61FBB-B012-4CD3-BD24-315B7DFEBB2E}.Ad-Hoc|ARM.Build.0 = Debug|Any CPU
		{33F61FBB-B012-4CD3-BD24-315B7DFEBB2E}.Ad-Hoc|iPhone.ActiveCfg = Debug|Any CPU
		{33F61FBB-B012-4CD3-BD24-315B7DFEBB2E}.Ad-Hoc|iPhone.Build.0 = Debug|Any CPU
		{33F61FBB-B012-4CD3-BD24-315B7DFEBB2E}.Ad-Hoc|iPhoneSimulator.ActiveCfg = Debug|Any CPU
		{33F61FBB-B012-4CD3-BD24-315B7DFEBB2E}.Ad-Hoc|iPhoneSimulator.Build.0 = Debug|Any CPU
		{33F61FBB-B012-4CD3-BD24-315B7DFEBB2E}.Ad-Hoc|x64.ActiveCfg = Debug|Any CPU
		{33F61FBB-B012-4CD3-BD24-315B7DFEBB2E}.Ad-Hoc|x64.Build.0 = Debug|Any CPU
		{33F61FBB-B012-4CD3-BD24-315B7DFEBB2E}.Ad-Hoc|x86.ActiveCfg = Debug|Any CPU
		{33F61FBB-B012-4CD3-BD24-315B7DFEBB2E}.Ad-Hoc|x86.Build.0 = Debug|Any CPU
		{33F61FBB-B012-4CD3-BD24-315B7DFEBB2E}.AppStore|Any CPU.ActiveCfg = Debug|Any CPU
		{33F61FBB-B012-4CD3-BD24-315B7DFEBB2E}.AppStore|Any CPU.Build.0 = Debug|Any CPU
		{33F61FBB-B012-4CD3-BD24-315B7DFEBB2E}.AppStore|ARM.ActiveCfg = Debug|Any CPU
		{33F61FBB-B012-4CD3-BD24-315B7DFEBB2E}.AppStore|ARM.Build.0 = Debug|Any CPU
		{33F61FBB-B012-4CD3-BD24-315B7DFEBB2E}.AppStore|iPhone.ActiveCfg = Debug|Any CPU
		{33F61FBB-B012-4CD3-BD24-315B7DFEBB2E}.AppStore|iPhone.Build.0 = Debug|Any CPU
		{33F61FBB-B012-4CD3-BD24-315B7DFEBB2E}.AppStore|iPhoneSimulator.ActiveCfg = Debug|Any CPU
		{33F61FBB-B012-4CD3-BD24-315B7DFEBB2E}.AppStore|iPhoneSimulator.Build.0 = Debug|Any CPU
		{33F61FBB-B012-4CD3-BD24-315B7DFEBB2E}.AppStore|x64.ActiveCfg = Debug|Any CPU
		{33F61FBB-B012-4CD3-BD24-315B7DFEBB2E}.AppStore|x64.Build.0 = Debug|Any CPU
		{33F61FBB-B012-4CD3-BD24-315B7DFEBB2E}.AppStore|x86.ActiveCfg = Debug|Any CPU
		{33F61FBB-B012-4CD3-BD24-315B7DFEBB2E}.AppStore|x86.Build.0 = Debug|Any CPU
		{33F61FBB-B012-4CD3-BD24-315B7DFEBB2E}.Debug|Any CPU.ActiveCfg = Debug|Any CPU
		{33F61FBB-B012-4CD3-BD24-315B7DFEBB2E}.Debug|Any CPU.Build.0 = Debug|Any CPU
		{33F61FBB-B012-4CD3-BD24-315B7DFEBB2E}.Debug|ARM.ActiveCfg = Debug|Any CPU
		{33F61FBB-B012-4CD3-BD24-315B7DFEBB2E}.Debug|ARM.Build.0 = Debug|Any CPU
		{33F61FBB-B012-4CD3-BD24-315B7DFEBB2E}.Debug|iPhone.ActiveCfg = Debug|Any CPU
		{33F61FBB-B012-4CD3-BD24-315B7DFEBB2E}.Debug|iPhone.Build.0 = Debug|Any CPU
		{33F61FBB-B012-4CD3-BD24-315B7DFEBB2E}.Debug|iPhoneSimulator.ActiveCfg = Debug|Any CPU
		{33F61FBB-B012-4CD3-BD24-315B7DFEBB2E}.Debug|iPhoneSimulator.Build.0 = Debug|Any CPU
		{33F61FBB-B012-4CD3-BD24-315B7DFEBB2E}.Debug|x64.ActiveCfg = Debug|Any CPU
		{33F61FBB-B012-4CD3-BD24-315B7DFEBB2E}.Debug|x64.Build.0 = Debug|Any CPU
		{33F61FBB-B012-4CD3-BD24-315B7DFEBB2E}.Debug|x86.ActiveCfg = Debug|Any CPU
		{33F61FBB-B012-4CD3-BD24-315B7DFEBB2E}.Debug|x86.Build.0 = Debug|Any CPU
		{33F61FBB-B012-4CD3-BD24-315B7DFEBB2E}.Release|Any CPU.ActiveCfg = Release|Any CPU
		{33F61FBB-B012-4CD3-BD24-315B7DFEBB2E}.Release|Any CPU.Build.0 = Release|Any CPU
		{33F61FBB-B012-4CD3-BD24-315B7DFEBB2E}.Release|ARM.ActiveCfg = Release|Any CPU
		{33F61FBB-B012-4CD3-BD24-315B7DFEBB2E}.Release|ARM.Build.0 = Release|Any CPU
		{33F61FBB-B012-4CD3-BD24-315B7DFEBB2E}.Release|iPhone.ActiveCfg = Release|Any CPU
		{33F61FBB-B012-4CD3-BD24-315B7DFEBB2E}.Release|iPhone.Build.0 = Release|Any CPU
		{33F61FBB-B012-4CD3-BD24-315B7DFEBB2E}.Release|iPhoneSimulator.ActiveCfg = Release|Any CPU
		{33F61FBB-B012-4CD3-BD24-315B7DFEBB2E}.Release|iPhoneSimulator.Build.0 = Release|Any CPU
		{33F61FBB-B012-4CD3-BD24-315B7DFEBB2E}.Release|x64.ActiveCfg = Release|Any CPU
		{33F61FBB-B012-4CD3-BD24-315B7DFEBB2E}.Release|x64.Build.0 = Release|Any CPU
		{33F61FBB-B012-4CD3-BD24-315B7DFEBB2E}.Release|x86.ActiveCfg = Release|Any CPU
		{33F61FBB-B012-4CD3-BD24-315B7DFEBB2E}.Release|x86.Build.0 = Release|Any CPU
		{122DDE46-FCAD-46AA-B773-B710E3258279}.Ad-Hoc|Any CPU.ActiveCfg = Debug|Any CPU
		{122DDE46-FCAD-46AA-B773-B710E3258279}.Ad-Hoc|Any CPU.Build.0 = Debug|Any CPU
		{122DDE46-FCAD-46AA-B773-B710E3258279}.Ad-Hoc|ARM.ActiveCfg = Debug|Any CPU
		{122DDE46-FCAD-46AA-B773-B710E3258279}.Ad-Hoc|ARM.Build.0 = Debug|Any CPU
		{122DDE46-FCAD-46AA-B773-B710E3258279}.Ad-Hoc|iPhone.ActiveCfg = Debug|Any CPU
		{122DDE46-FCAD-46AA-B773-B710E3258279}.Ad-Hoc|iPhone.Build.0 = Debug|Any CPU
		{122DDE46-FCAD-46AA-B773-B710E3258279}.Ad-Hoc|iPhoneSimulator.ActiveCfg = Debug|Any CPU
		{122DDE46-FCAD-46AA-B773-B710E3258279}.Ad-Hoc|iPhoneSimulator.Build.0 = Debug|Any CPU
		{122DDE46-FCAD-46AA-B773-B710E3258279}.Ad-Hoc|x64.ActiveCfg = Debug|Any CPU
		{122DDE46-FCAD-46AA-B773-B710E3258279}.Ad-Hoc|x64.Build.0 = Debug|Any CPU
		{122DDE46-FCAD-46AA-B773-B710E3258279}.Ad-Hoc|x86.ActiveCfg = Debug|Any CPU
		{122DDE46-FCAD-46AA-B773-B710E3258279}.Ad-Hoc|x86.Build.0 = Debug|Any CPU
		{122DDE46-FCAD-46AA-B773-B710E3258279}.AppStore|Any CPU.ActiveCfg = Debug|Any CPU
		{122DDE46-FCAD-46AA-B773-B710E3258279}.AppStore|Any CPU.Build.0 = Debug|Any CPU
		{122DDE46-FCAD-46AA-B773-B710E3258279}.AppStore|ARM.ActiveCfg = Debug|Any CPU
		{122DDE46-FCAD-46AA-B773-B710E3258279}.AppStore|ARM.Build.0 = Debug|Any CPU
		{122DDE46-FCAD-46AA-B773-B710E3258279}.AppStore|iPhone.ActiveCfg = Debug|Any CPU
		{122DDE46-FCAD-46AA-B773-B710E3258279}.AppStore|iPhone.Build.0 = Debug|Any CPU
		{122DDE46-FCAD-46AA-B773-B710E3258279}.AppStore|iPhoneSimulator.ActiveCfg = Debug|Any CPU
		{122DDE46-FCAD-46AA-B773-B710E3258279}.AppStore|iPhoneSimulator.Build.0 = Debug|Any CPU
		{122DDE46-FCAD-46AA-B773-B710E3258279}.AppStore|x64.ActiveCfg = Debug|Any CPU
		{122DDE46-FCAD-46AA-B773-B710E3258279}.AppStore|x64.Build.0 = Debug|Any CPU
		{122DDE46-FCAD-46AA-B773-B710E3258279}.AppStore|x86.ActiveCfg = Debug|Any CPU
		{122DDE46-FCAD-46AA-B773-B710E3258279}.AppStore|x86.Build.0 = Debug|Any CPU
		{122DDE46-FCAD-46AA-B773-B710E3258279}.Debug|Any CPU.ActiveCfg = Debug|Any CPU
		{122DDE46-FCAD-46AA-B773-B710E3258279}.Debug|Any CPU.Build.0 = Debug|Any CPU
		{122DDE46-FCAD-46AA-B773-B710E3258279}.Debug|ARM.ActiveCfg = Debug|Any CPU
		{122DDE46-FCAD-46AA-B773-B710E3258279}.Debug|ARM.Build.0 = Debug|Any CPU
		{122DDE46-FCAD-46AA-B773-B710E3258279}.Debug|iPhone.ActiveCfg = Debug|Any CPU
		{122DDE46-FCAD-46AA-B773-B710E3258279}.Debug|iPhone.Build.0 = Debug|Any CPU
		{122DDE46-FCAD-46AA-B773-B710E3258279}.Debug|iPhoneSimulator.ActiveCfg = Debug|Any CPU
		{122DDE46-FCAD-46AA-B773-B710E3258279}.Debug|iPhoneSimulator.Build.0 = Debug|Any CPU
		{122DDE46-FCAD-46AA-B773-B710E3258279}.Debug|x64.ActiveCfg = Debug|Any CPU
		{122DDE46-FCAD-46AA-B773-B710E3258279}.Debug|x64.Build.0 = Debug|Any CPU
		{122DDE46-FCAD-46AA-B773-B710E3258279}.Debug|x86.ActiveCfg = Debug|Any CPU
		{122DDE46-FCAD-46AA-B773-B710E3258279}.Debug|x86.Build.0 = Debug|Any CPU
		{122DDE46-FCAD-46AA-B773-B710E3258279}.Release|Any CPU.ActiveCfg = Release|Any CPU
		{122DDE46-FCAD-46AA-B773-B710E3258279}.Release|Any CPU.Build.0 = Release|Any CPU
		{122DDE46-FCAD-46AA-B773-B710E3258279}.Release|ARM.ActiveCfg = Release|Any CPU
		{122DDE46-FCAD-46AA-B773-B710E3258279}.Release|ARM.Build.0 = Release|Any CPU
		{122DDE46-FCAD-46AA-B773-B710E3258279}.Release|iPhone.ActiveCfg = Release|Any CPU
		{122DDE46-FCAD-46AA-B773-B710E3258279}.Release|iPhone.Build.0 = Release|Any CPU
		{122DDE46-FCAD-46AA-B773-B710E3258279}.Release|iPhoneSimulator.ActiveCfg = Release|Any CPU
		{122DDE46-FCAD-46AA-B773-B710E3258279}.Release|iPhoneSimulator.Build.0 = Release|Any CPU
		{122DDE46-FCAD-46AA-B773-B710E3258279}.Release|x64.ActiveCfg = Release|Any CPU
		{122DDE46-FCAD-46AA-B773-B710E3258279}.Release|x64.Build.0 = Release|Any CPU
		{122DDE46-FCAD-46AA-B773-B710E3258279}.Release|x86.ActiveCfg = Release|Any CPU
		{122DDE46-FCAD-46AA-B773-B710E3258279}.Release|x86.Build.0 = Release|Any CPU
		{59FEDD02-3587-45C9-88F2-2F290469430D}.Ad-Hoc|Any CPU.ActiveCfg = Debug|Any CPU
		{59FEDD02-3587-45C9-88F2-2F290469430D}.Ad-Hoc|Any CPU.Build.0 = Debug|Any CPU
		{59FEDD02-3587-45C9-88F2-2F290469430D}.Ad-Hoc|ARM.ActiveCfg = Debug|Any CPU
		{59FEDD02-3587-45C9-88F2-2F290469430D}.Ad-Hoc|ARM.Build.0 = Debug|Any CPU
		{59FEDD02-3587-45C9-88F2-2F290469430D}.Ad-Hoc|iPhone.ActiveCfg = Debug|Any CPU
		{59FEDD02-3587-45C9-88F2-2F290469430D}.Ad-Hoc|iPhone.Build.0 = Debug|Any CPU
		{59FEDD02-3587-45C9-88F2-2F290469430D}.Ad-Hoc|iPhoneSimulator.ActiveCfg = Debug|Any CPU
		{59FEDD02-3587-45C9-88F2-2F290469430D}.Ad-Hoc|iPhoneSimulator.Build.0 = Debug|Any CPU
		{59FEDD02-3587-45C9-88F2-2F290469430D}.Ad-Hoc|x64.ActiveCfg = Debug|Any CPU
		{59FEDD02-3587-45C9-88F2-2F290469430D}.Ad-Hoc|x64.Build.0 = Debug|Any CPU
		{59FEDD02-3587-45C9-88F2-2F290469430D}.Ad-Hoc|x86.ActiveCfg = Debug|Any CPU
		{59FEDD02-3587-45C9-88F2-2F290469430D}.Ad-Hoc|x86.Build.0 = Debug|Any CPU
		{59FEDD02-3587-45C9-88F2-2F290469430D}.AppStore|Any CPU.ActiveCfg = Debug|Any CPU
		{59FEDD02-3587-45C9-88F2-2F290469430D}.AppStore|Any CPU.Build.0 = Debug|Any CPU
		{59FEDD02-3587-45C9-88F2-2F290469430D}.AppStore|ARM.ActiveCfg = Debug|Any CPU
		{59FEDD02-3587-45C9-88F2-2F290469430D}.AppStore|ARM.Build.0 = Debug|Any CPU
		{59FEDD02-3587-45C9-88F2-2F290469430D}.AppStore|iPhone.ActiveCfg = Debug|Any CPU
		{59FEDD02-3587-45C9-88F2-2F290469430D}.AppStore|iPhone.Build.0 = Debug|Any CPU
		{59FEDD02-3587-45C9-88F2-2F290469430D}.AppStore|iPhoneSimulator.ActiveCfg = Debug|Any CPU
		{59FEDD02-3587-45C9-88F2-2F290469430D}.AppStore|iPhoneSimulator.Build.0 = Debug|Any CPU
		{59FEDD02-3587-45C9-88F2-2F290469430D}.AppStore|x64.ActiveCfg = Debug|Any CPU
		{59FEDD02-3587-45C9-88F2-2F290469430D}.AppStore|x64.Build.0 = Debug|Any CPU
		{59FEDD02-3587-45C9-88F2-2F290469430D}.AppStore|x86.ActiveCfg = Debug|Any CPU
		{59FEDD02-3587-45C9-88F2-2F290469430D}.AppStore|x86.Build.0 = Debug|Any CPU
		{59FEDD02-3587-45C9-88F2-2F290469430D}.Debug|Any CPU.ActiveCfg = Debug|Any CPU
		{59FEDD02-3587-45C9-88F2-2F290469430D}.Debug|Any CPU.Build.0 = Debug|Any CPU
		{59FEDD02-3587-45C9-88F2-2F290469430D}.Debug|ARM.ActiveCfg = Debug|Any CPU
		{59FEDD02-3587-45C9-88F2-2F290469430D}.Debug|ARM.Build.0 = Debug|Any CPU
		{59FEDD02-3587-45C9-88F2-2F290469430D}.Debug|iPhone.ActiveCfg = Debug|Any CPU
		{59FEDD02-3587-45C9-88F2-2F290469430D}.Debug|iPhone.Build.0 = Debug|Any CPU
		{59FEDD02-3587-45C9-88F2-2F290469430D}.Debug|iPhoneSimulator.ActiveCfg = Debug|Any CPU
		{59FEDD02-3587-45C9-88F2-2F290469430D}.Debug|iPhoneSimulator.Build.0 = Debug|Any CPU
		{59FEDD02-3587-45C9-88F2-2F290469430D}.Debug|x64.ActiveCfg = Debug|Any CPU
		{59FEDD02-3587-45C9-88F2-2F290469430D}.Debug|x64.Build.0 = Debug|Any CPU
		{59FEDD02-3587-45C9-88F2-2F290469430D}.Debug|x86.ActiveCfg = Debug|Any CPU
		{59FEDD02-3587-45C9-88F2-2F290469430D}.Debug|x86.Build.0 = Debug|Any CPU
		{59FEDD02-3587-45C9-88F2-2F290469430D}.Release|Any CPU.ActiveCfg = Release|Any CPU
		{59FEDD02-3587-45C9-88F2-2F290469430D}.Release|Any CPU.Build.0 = Release|Any CPU
		{59FEDD02-3587-45C9-88F2-2F290469430D}.Release|ARM.ActiveCfg = Release|Any CPU
		{59FEDD02-3587-45C9-88F2-2F290469430D}.Release|ARM.Build.0 = Release|Any CPU
		{59FEDD02-3587-45C9-88F2-2F290469430D}.Release|iPhone.ActiveCfg = Release|Any CPU
		{59FEDD02-3587-45C9-88F2-2F290469430D}.Release|iPhone.Build.0 = Release|Any CPU
		{59FEDD02-3587-45C9-88F2-2F290469430D}.Release|iPhoneSimulator.ActiveCfg = Release|Any CPU
		{59FEDD02-3587-45C9-88F2-2F290469430D}.Release|iPhoneSimulator.Build.0 = Release|Any CPU
		{59FEDD02-3587-45C9-88F2-2F290469430D}.Release|x64.ActiveCfg = Release|Any CPU
		{59FEDD02-3587-45C9-88F2-2F290469430D}.Release|x64.Build.0 = Release|Any CPU
		{59FEDD02-3587-45C9-88F2-2F290469430D}.Release|x86.ActiveCfg = Release|Any CPU
		{59FEDD02-3587-45C9-88F2-2F290469430D}.Release|x86.Build.0 = Release|Any CPU
		{B9B76D50-821C-4F63-B09F-636625FF7889}.Ad-Hoc|Any CPU.ActiveCfg = Debug|Any CPU
		{B9B76D50-821C-4F63-B09F-636625FF7889}.Ad-Hoc|Any CPU.Build.0 = Debug|Any CPU
		{B9B76D50-821C-4F63-B09F-636625FF7889}.Ad-Hoc|ARM.ActiveCfg = Debug|Any CPU
		{B9B76D50-821C-4F63-B09F-636625FF7889}.Ad-Hoc|ARM.Build.0 = Debug|Any CPU
		{B9B76D50-821C-4F63-B09F-636625FF7889}.Ad-Hoc|iPhone.ActiveCfg = Debug|Any CPU
		{B9B76D50-821C-4F63-B09F-636625FF7889}.Ad-Hoc|iPhone.Build.0 = Debug|Any CPU
		{B9B76D50-821C-4F63-B09F-636625FF7889}.Ad-Hoc|iPhoneSimulator.ActiveCfg = Debug|Any CPU
		{B9B76D50-821C-4F63-B09F-636625FF7889}.Ad-Hoc|iPhoneSimulator.Build.0 = Debug|Any CPU
		{B9B76D50-821C-4F63-B09F-636625FF7889}.Ad-Hoc|x64.ActiveCfg = Debug|Any CPU
		{B9B76D50-821C-4F63-B09F-636625FF7889}.Ad-Hoc|x64.Build.0 = Debug|Any CPU
		{B9B76D50-821C-4F63-B09F-636625FF7889}.Ad-Hoc|x86.ActiveCfg = Debug|Any CPU
		{B9B76D50-821C-4F63-B09F-636625FF7889}.Ad-Hoc|x86.Build.0 = Debug|Any CPU
		{B9B76D50-821C-4F63-B09F-636625FF7889}.AppStore|Any CPU.ActiveCfg = Debug|Any CPU
		{B9B76D50-821C-4F63-B09F-636625FF7889}.AppStore|Any CPU.Build.0 = Debug|Any CPU
		{B9B76D50-821C-4F63-B09F-636625FF7889}.AppStore|ARM.ActiveCfg = Debug|Any CPU
		{B9B76D50-821C-4F63-B09F-636625FF7889}.AppStore|ARM.Build.0 = Debug|Any CPU
		{B9B76D50-821C-4F63-B09F-636625FF7889}.AppStore|iPhone.ActiveCfg = Debug|Any CPU
		{B9B76D50-821C-4F63-B09F-636625FF7889}.AppStore|iPhone.Build.0 = Debug|Any CPU
		{B9B76D50-821C-4F63-B09F-636625FF7889}.AppStore|iPhoneSimulator.ActiveCfg = Debug|Any CPU
		{B9B76D50-821C-4F63-B09F-636625FF7889}.AppStore|iPhoneSimulator.Build.0 = Debug|Any CPU
		{B9B76D50-821C-4F63-B09F-636625FF7889}.AppStore|x64.ActiveCfg = Debug|Any CPU
		{B9B76D50-821C-4F63-B09F-636625FF7889}.AppStore|x64.Build.0 = Debug|Any CPU
		{B9B76D50-821C-4F63-B09F-636625FF7889}.AppStore|x86.ActiveCfg = Debug|Any CPU
		{B9B76D50-821C-4F63-B09F-636625FF7889}.AppStore|x86.Build.0 = Debug|Any CPU
		{B9B76D50-821C-4F63-B09F-636625FF7889}.Debug|Any CPU.ActiveCfg = Debug|Any CPU
		{B9B76D50-821C-4F63-B09F-636625FF7889}.Debug|Any CPU.Build.0 = Debug|Any CPU
		{B9B76D50-821C-4F63-B09F-636625FF7889}.Debug|ARM.ActiveCfg = Debug|Any CPU
		{B9B76D50-821C-4F63-B09F-636625FF7889}.Debug|ARM.Build.0 = Debug|Any CPU
		{B9B76D50-821C-4F63-B09F-636625FF7889}.Debug|iPhone.ActiveCfg = Debug|Any CPU
		{B9B76D50-821C-4F63-B09F-636625FF7889}.Debug|iPhone.Build.0 = Debug|Any CPU
		{B9B76D50-821C-4F63-B09F-636625FF7889}.Debug|iPhoneSimulator.ActiveCfg = Debug|Any CPU
		{B9B76D50-821C-4F63-B09F-636625FF7889}.Debug|iPhoneSimulator.Build.0 = Debug|Any CPU
		{B9B76D50-821C-4F63-B09F-636625FF7889}.Debug|x64.ActiveCfg = Debug|Any CPU
		{B9B76D50-821C-4F63-B09F-636625FF7889}.Debug|x64.Build.0 = Debug|Any CPU
		{B9B76D50-821C-4F63-B09F-636625FF7889}.Debug|x86.ActiveCfg = Debug|Any CPU
		{B9B76D50-821C-4F63-B09F-636625FF7889}.Debug|x86.Build.0 = Debug|Any CPU
		{B9B76D50-821C-4F63-B09F-636625FF7889}.Release|Any CPU.ActiveCfg = Release|Any CPU
		{B9B76D50-821C-4F63-B09F-636625FF7889}.Release|Any CPU.Build.0 = Release|Any CPU
		{B9B76D50-821C-4F63-B09F-636625FF7889}.Release|ARM.ActiveCfg = Release|Any CPU
		{B9B76D50-821C-4F63-B09F-636625FF7889}.Release|ARM.Build.0 = Release|Any CPU
		{B9B76D50-821C-4F63-B09F-636625FF7889}.Release|iPhone.ActiveCfg = Release|Any CPU
		{B9B76D50-821C-4F63-B09F-636625FF7889}.Release|iPhone.Build.0 = Release|Any CPU
		{B9B76D50-821C-4F63-B09F-636625FF7889}.Release|iPhoneSimulator.ActiveCfg = Release|Any CPU
		{B9B76D50-821C-4F63-B09F-636625FF7889}.Release|iPhoneSimulator.Build.0 = Release|Any CPU
		{B9B76D50-821C-4F63-B09F-636625FF7889}.Release|x64.ActiveCfg = Release|Any CPU
		{B9B76D50-821C-4F63-B09F-636625FF7889}.Release|x64.Build.0 = Release|Any CPU
		{B9B76D50-821C-4F63-B09F-636625FF7889}.Release|x86.ActiveCfg = Release|Any CPU
		{B9B76D50-821C-4F63-B09F-636625FF7889}.Release|x86.Build.0 = Release|Any CPU
		{D5B95D92-B19E-409C-A7C0-74D8F7213E30}.Ad-Hoc|Any CPU.ActiveCfg = Debug|Any CPU
		{D5B95D92-B19E-409C-A7C0-74D8F7213E30}.Ad-Hoc|Any CPU.Build.0 = Debug|Any CPU
		{D5B95D92-B19E-409C-A7C0-74D8F7213E30}.Ad-Hoc|ARM.ActiveCfg = Debug|Any CPU
		{D5B95D92-B19E-409C-A7C0-74D8F7213E30}.Ad-Hoc|ARM.Build.0 = Debug|Any CPU
		{D5B95D92-B19E-409C-A7C0-74D8F7213E30}.Ad-Hoc|iPhone.ActiveCfg = Debug|Any CPU
		{D5B95D92-B19E-409C-A7C0-74D8F7213E30}.Ad-Hoc|iPhone.Build.0 = Debug|Any CPU
		{D5B95D92-B19E-409C-A7C0-74D8F7213E30}.Ad-Hoc|iPhoneSimulator.ActiveCfg = Debug|Any CPU
		{D5B95D92-B19E-409C-A7C0-74D8F7213E30}.Ad-Hoc|iPhoneSimulator.Build.0 = Debug|Any CPU
		{D5B95D92-B19E-409C-A7C0-74D8F7213E30}.Ad-Hoc|x64.ActiveCfg = Debug|Any CPU
		{D5B95D92-B19E-409C-A7C0-74D8F7213E30}.Ad-Hoc|x64.Build.0 = Debug|Any CPU
		{D5B95D92-B19E-409C-A7C0-74D8F7213E30}.Ad-Hoc|x86.ActiveCfg = Debug|Any CPU
		{D5B95D92-B19E-409C-A7C0-74D8F7213E30}.Ad-Hoc|x86.Build.0 = Debug|Any CPU
		{D5B95D92-B19E-409C-A7C0-74D8F7213E30}.AppStore|Any CPU.ActiveCfg = Debug|Any CPU
		{D5B95D92-B19E-409C-A7C0-74D8F7213E30}.AppStore|Any CPU.Build.0 = Debug|Any CPU
		{D5B95D92-B19E-409C-A7C0-74D8F7213E30}.AppStore|ARM.ActiveCfg = Debug|Any CPU
		{D5B95D92-B19E-409C-A7C0-74D8F7213E30}.AppStore|ARM.Build.0 = Debug|Any CPU
		{D5B95D92-B19E-409C-A7C0-74D8F7213E30}.AppStore|iPhone.ActiveCfg = Debug|Any CPU
		{D5B95D92-B19E-409C-A7C0-74D8F7213E30}.AppStore|iPhone.Build.0 = Debug|Any CPU
		{D5B95D92-B19E-409C-A7C0-74D8F7213E30}.AppStore|iPhoneSimulator.ActiveCfg = Debug|Any CPU
		{D5B95D92-B19E-409C-A7C0-74D8F7213E30}.AppStore|iPhoneSimulator.Build.0 = Debug|Any CPU
		{D5B95D92-B19E-409C-A7C0-74D8F7213E30}.AppStore|x64.ActiveCfg = Debug|Any CPU
		{D5B95D92-B19E-409C-A7C0-74D8F7213E30}.AppStore|x64.Build.0 = Debug|Any CPU
		{D5B95D92-B19E-409C-A7C0-74D8F7213E30}.AppStore|x86.ActiveCfg = Debug|Any CPU
		{D5B95D92-B19E-409C-A7C0-74D8F7213E30}.AppStore|x86.Build.0 = Debug|Any CPU
		{D5B95D92-B19E-409C-A7C0-74D8F7213E30}.Debug|Any CPU.ActiveCfg = Debug|Any CPU
		{D5B95D92-B19E-409C-A7C0-74D8F7213E30}.Debug|Any CPU.Build.0 = Debug|Any CPU
		{D5B95D92-B19E-409C-A7C0-74D8F7213E30}.Debug|ARM.ActiveCfg = Debug|Any CPU
		{D5B95D92-B19E-409C-A7C0-74D8F7213E30}.Debug|ARM.Build.0 = Debug|Any CPU
		{D5B95D92-B19E-409C-A7C0-74D8F7213E30}.Debug|iPhone.ActiveCfg = Debug|Any CPU
		{D5B95D92-B19E-409C-A7C0-74D8F7213E30}.Debug|iPhone.Build.0 = Debug|Any CPU
		{D5B95D92-B19E-409C-A7C0-74D8F7213E30}.Debug|iPhoneSimulator.ActiveCfg = Debug|Any CPU
		{D5B95D92-B19E-409C-A7C0-74D8F7213E30}.Debug|iPhoneSimulator.Build.0 = Debug|Any CPU
		{D5B95D92-B19E-409C-A7C0-74D8F7213E30}.Debug|x64.ActiveCfg = Debug|Any CPU
		{D5B95D92-B19E-409C-A7C0-74D8F7213E30}.Debug|x64.Build.0 = Debug|Any CPU
		{D5B95D92-B19E-409C-A7C0-74D8F7213E30}.Debug|x86.ActiveCfg = Debug|Any CPU
		{D5B95D92-B19E-409C-A7C0-74D8F7213E30}.Debug|x86.Build.0 = Debug|Any CPU
		{D5B95D92-B19E-409C-A7C0-74D8F7213E30}.Release|Any CPU.ActiveCfg = Release|Any CPU
		{D5B95D92-B19E-409C-A7C0-74D8F7213E30}.Release|Any CPU.Build.0 = Release|Any CPU
		{D5B95D92-B19E-409C-A7C0-74D8F7213E30}.Release|ARM.ActiveCfg = Release|Any CPU
		{D5B95D92-B19E-409C-A7C0-74D8F7213E30}.Release|ARM.Build.0 = Release|Any CPU
		{D5B95D92-B19E-409C-A7C0-74D8F7213E30}.Release|iPhone.ActiveCfg = Release|Any CPU
		{D5B95D92-B19E-409C-A7C0-74D8F7213E30}.Release|iPhone.Build.0 = Release|Any CPU
		{D5B95D92-B19E-409C-A7C0-74D8F7213E30}.Release|iPhoneSimulator.ActiveCfg = Release|Any CPU
		{D5B95D92-B19E-409C-A7C0-74D8F7213E30}.Release|iPhoneSimulator.Build.0 = Release|Any CPU
		{D5B95D92-B19E-409C-A7C0-74D8F7213E30}.Release|x64.ActiveCfg = Release|Any CPU
		{D5B95D92-B19E-409C-A7C0-74D8F7213E30}.Release|x64.Build.0 = Release|Any CPU
		{D5B95D92-B19E-409C-A7C0-74D8F7213E30}.Release|x86.ActiveCfg = Release|Any CPU
		{D5B95D92-B19E-409C-A7C0-74D8F7213E30}.Release|x86.Build.0 = Release|Any CPU
		{1C7C7921-5A9A-41A7-B2B2-CA05119011C8}.Ad-Hoc|Any CPU.ActiveCfg = Debug|Any CPU
		{1C7C7921-5A9A-41A7-B2B2-CA05119011C8}.Ad-Hoc|Any CPU.Build.0 = Debug|Any CPU
		{1C7C7921-5A9A-41A7-B2B2-CA05119011C8}.Ad-Hoc|ARM.ActiveCfg = Debug|Any CPU
		{1C7C7921-5A9A-41A7-B2B2-CA05119011C8}.Ad-Hoc|ARM.Build.0 = Debug|Any CPU
		{1C7C7921-5A9A-41A7-B2B2-CA05119011C8}.Ad-Hoc|iPhone.ActiveCfg = Debug|Any CPU
		{1C7C7921-5A9A-41A7-B2B2-CA05119011C8}.Ad-Hoc|iPhone.Build.0 = Debug|Any CPU
		{1C7C7921-5A9A-41A7-B2B2-CA05119011C8}.Ad-Hoc|iPhoneSimulator.ActiveCfg = Debug|Any CPU
		{1C7C7921-5A9A-41A7-B2B2-CA05119011C8}.Ad-Hoc|iPhoneSimulator.Build.0 = Debug|Any CPU
		{1C7C7921-5A9A-41A7-B2B2-CA05119011C8}.Ad-Hoc|x64.ActiveCfg = Debug|Any CPU
		{1C7C7921-5A9A-41A7-B2B2-CA05119011C8}.Ad-Hoc|x64.Build.0 = Debug|Any CPU
		{1C7C7921-5A9A-41A7-B2B2-CA05119011C8}.Ad-Hoc|x86.ActiveCfg = Debug|Any CPU
		{1C7C7921-5A9A-41A7-B2B2-CA05119011C8}.Ad-Hoc|x86.Build.0 = Debug|Any CPU
		{1C7C7921-5A9A-41A7-B2B2-CA05119011C8}.AppStore|Any CPU.ActiveCfg = Debug|Any CPU
		{1C7C7921-5A9A-41A7-B2B2-CA05119011C8}.AppStore|Any CPU.Build.0 = Debug|Any CPU
		{1C7C7921-5A9A-41A7-B2B2-CA05119011C8}.AppStore|ARM.ActiveCfg = Debug|Any CPU
		{1C7C7921-5A9A-41A7-B2B2-CA05119011C8}.AppStore|ARM.Build.0 = Debug|Any CPU
		{1C7C7921-5A9A-41A7-B2B2-CA05119011C8}.AppStore|iPhone.ActiveCfg = Debug|Any CPU
		{1C7C7921-5A9A-41A7-B2B2-CA05119011C8}.AppStore|iPhone.Build.0 = Debug|Any CPU
		{1C7C7921-5A9A-41A7-B2B2-CA05119011C8}.AppStore|iPhoneSimulator.ActiveCfg = Debug|Any CPU
		{1C7C7921-5A9A-41A7-B2B2-CA05119011C8}.AppStore|iPhoneSimulator.Build.0 = Debug|Any CPU
		{1C7C7921-5A9A-41A7-B2B2-CA05119011C8}.AppStore|x64.ActiveCfg = Debug|Any CPU
		{1C7C7921-5A9A-41A7-B2B2-CA05119011C8}.AppStore|x64.Build.0 = Debug|Any CPU
		{1C7C7921-5A9A-41A7-B2B2-CA05119011C8}.AppStore|x86.ActiveCfg = Debug|Any CPU
		{1C7C7921-5A9A-41A7-B2B2-CA05119011C8}.AppStore|x86.Build.0 = Debug|Any CPU
		{1C7C7921-5A9A-41A7-B2B2-CA05119011C8}.Debug|Any CPU.ActiveCfg = Debug|Any CPU
		{1C7C7921-5A9A-41A7-B2B2-CA05119011C8}.Debug|Any CPU.Build.0 = Debug|Any CPU
		{1C7C7921-5A9A-41A7-B2B2-CA05119011C8}.Debug|ARM.ActiveCfg = Debug|Any CPU
		{1C7C7921-5A9A-41A7-B2B2-CA05119011C8}.Debug|ARM.Build.0 = Debug|Any CPU
		{1C7C7921-5A9A-41A7-B2B2-CA05119011C8}.Debug|iPhone.ActiveCfg = Debug|Any CPU
		{1C7C7921-5A9A-41A7-B2B2-CA05119011C8}.Debug|iPhone.Build.0 = Debug|Any CPU
		{1C7C7921-5A9A-41A7-B2B2-CA05119011C8}.Debug|iPhoneSimulator.ActiveCfg = Debug|Any CPU
		{1C7C7921-5A9A-41A7-B2B2-CA05119011C8}.Debug|iPhoneSimulator.Build.0 = Debug|Any CPU
		{1C7C7921-5A9A-41A7-B2B2-CA05119011C8}.Debug|x64.ActiveCfg = Debug|Any CPU
		{1C7C7921-5A9A-41A7-B2B2-CA05119011C8}.Debug|x64.Build.0 = Debug|Any CPU
		{1C7C7921-5A9A-41A7-B2B2-CA05119011C8}.Debug|x86.ActiveCfg = Debug|Any CPU
		{1C7C7921-5A9A-41A7-B2B2-CA05119011C8}.Debug|x86.Build.0 = Debug|Any CPU
		{1C7C7921-5A9A-41A7-B2B2-CA05119011C8}.Release|Any CPU.ActiveCfg = Release|Any CPU
		{1C7C7921-5A9A-41A7-B2B2-CA05119011C8}.Release|Any CPU.Build.0 = Release|Any CPU
		{1C7C7921-5A9A-41A7-B2B2-CA05119011C8}.Release|ARM.ActiveCfg = Release|Any CPU
		{1C7C7921-5A9A-41A7-B2B2-CA05119011C8}.Release|ARM.Build.0 = Release|Any CPU
		{1C7C7921-5A9A-41A7-B2B2-CA05119011C8}.Release|iPhone.ActiveCfg = Release|Any CPU
		{1C7C7921-5A9A-41A7-B2B2-CA05119011C8}.Release|iPhone.Build.0 = Release|Any CPU
		{1C7C7921-5A9A-41A7-B2B2-CA05119011C8}.Release|iPhoneSimulator.ActiveCfg = Release|Any CPU
		{1C7C7921-5A9A-41A7-B2B2-CA05119011C8}.Release|iPhoneSimulator.Build.0 = Release|Any CPU
		{1C7C7921-5A9A-41A7-B2B2-CA05119011C8}.Release|x64.ActiveCfg = Release|Any CPU
		{1C7C7921-5A9A-41A7-B2B2-CA05119011C8}.Release|x64.Build.0 = Release|Any CPU
		{1C7C7921-5A9A-41A7-B2B2-CA05119011C8}.Release|x86.ActiveCfg = Release|Any CPU
		{1C7C7921-5A9A-41A7-B2B2-CA05119011C8}.Release|x86.Build.0 = Release|Any CPU
		{1346D494-DD68-4E4B-BC13-4781EAB42C09}.Ad-Hoc|Any CPU.ActiveCfg = Debug|Any CPU
		{1346D494-DD68-4E4B-BC13-4781EAB42C09}.Ad-Hoc|Any CPU.Build.0 = Debug|Any CPU
		{1346D494-DD68-4E4B-BC13-4781EAB42C09}.Ad-Hoc|ARM.ActiveCfg = Debug|Any CPU
		{1346D494-DD68-4E4B-BC13-4781EAB42C09}.Ad-Hoc|ARM.Build.0 = Debug|Any CPU
		{1346D494-DD68-4E4B-BC13-4781EAB42C09}.Ad-Hoc|iPhone.ActiveCfg = Debug|Any CPU
		{1346D494-DD68-4E4B-BC13-4781EAB42C09}.Ad-Hoc|iPhone.Build.0 = Debug|Any CPU
		{1346D494-DD68-4E4B-BC13-4781EAB42C09}.Ad-Hoc|iPhoneSimulator.ActiveCfg = Debug|Any CPU
		{1346D494-DD68-4E4B-BC13-4781EAB42C09}.Ad-Hoc|iPhoneSimulator.Build.0 = Debug|Any CPU
		{1346D494-DD68-4E4B-BC13-4781EAB42C09}.Ad-Hoc|x64.ActiveCfg = Debug|Any CPU
		{1346D494-DD68-4E4B-BC13-4781EAB42C09}.Ad-Hoc|x64.Build.0 = Debug|Any CPU
		{1346D494-DD68-4E4B-BC13-4781EAB42C09}.Ad-Hoc|x86.ActiveCfg = Debug|Any CPU
		{1346D494-DD68-4E4B-BC13-4781EAB42C09}.Ad-Hoc|x86.Build.0 = Debug|Any CPU
		{1346D494-DD68-4E4B-BC13-4781EAB42C09}.AppStore|Any CPU.ActiveCfg = Debug|Any CPU
		{1346D494-DD68-4E4B-BC13-4781EAB42C09}.AppStore|Any CPU.Build.0 = Debug|Any CPU
		{1346D494-DD68-4E4B-BC13-4781EAB42C09}.AppStore|ARM.ActiveCfg = Debug|Any CPU
		{1346D494-DD68-4E4B-BC13-4781EAB42C09}.AppStore|ARM.Build.0 = Debug|Any CPU
		{1346D494-DD68-4E4B-BC13-4781EAB42C09}.AppStore|iPhone.ActiveCfg = Debug|Any CPU
		{1346D494-DD68-4E4B-BC13-4781EAB42C09}.AppStore|iPhone.Build.0 = Debug|Any CPU
		{1346D494-DD68-4E4B-BC13-4781EAB42C09}.AppStore|iPhoneSimulator.ActiveCfg = Debug|Any CPU
		{1346D494-DD68-4E4B-BC13-4781EAB42C09}.AppStore|iPhoneSimulator.Build.0 = Debug|Any CPU
		{1346D494-DD68-4E4B-BC13-4781EAB42C09}.AppStore|x64.ActiveCfg = Debug|Any CPU
		{1346D494-DD68-4E4B-BC13-4781EAB42C09}.AppStore|x64.Build.0 = Debug|Any CPU
		{1346D494-DD68-4E4B-BC13-4781EAB42C09}.AppStore|x86.ActiveCfg = Debug|Any CPU
		{1346D494-DD68-4E4B-BC13-4781EAB42C09}.AppStore|x86.Build.0 = Debug|Any CPU
		{1346D494-DD68-4E4B-BC13-4781EAB42C09}.Debug|Any CPU.ActiveCfg = Debug|Any CPU
		{1346D494-DD68-4E4B-BC13-4781EAB42C09}.Debug|Any CPU.Build.0 = Debug|Any CPU
		{1346D494-DD68-4E4B-BC13-4781EAB42C09}.Debug|ARM.ActiveCfg = Debug|Any CPU
		{1346D494-DD68-4E4B-BC13-4781EAB42C09}.Debug|ARM.Build.0 = Debug|Any CPU
		{1346D494-DD68-4E4B-BC13-4781EAB42C09}.Debug|iPhone.ActiveCfg = Debug|Any CPU
		{1346D494-DD68-4E4B-BC13-4781EAB42C09}.Debug|iPhone.Build.0 = Debug|Any CPU
		{1346D494-DD68-4E4B-BC13-4781EAB42C09}.Debug|iPhoneSimulator.ActiveCfg = Debug|Any CPU
		{1346D494-DD68-4E4B-BC13-4781EAB42C09}.Debug|iPhoneSimulator.Build.0 = Debug|Any CPU
		{1346D494-DD68-4E4B-BC13-4781EAB42C09}.Debug|x64.ActiveCfg = Debug|Any CPU
		{1346D494-DD68-4E4B-BC13-4781EAB42C09}.Debug|x64.Build.0 = Debug|Any CPU
		{1346D494-DD68-4E4B-BC13-4781EAB42C09}.Debug|x86.ActiveCfg = Debug|Any CPU
		{1346D494-DD68-4E4B-BC13-4781EAB42C09}.Debug|x86.Build.0 = Debug|Any CPU
		{1346D494-DD68-4E4B-BC13-4781EAB42C09}.Release|Any CPU.ActiveCfg = Release|Any CPU
		{1346D494-DD68-4E4B-BC13-4781EAB42C09}.Release|Any CPU.Build.0 = Release|Any CPU
		{1346D494-DD68-4E4B-BC13-4781EAB42C09}.Release|ARM.ActiveCfg = Release|Any CPU
		{1346D494-DD68-4E4B-BC13-4781EAB42C09}.Release|ARM.Build.0 = Release|Any CPU
		{1346D494-DD68-4E4B-BC13-4781EAB42C09}.Release|iPhone.ActiveCfg = Release|Any CPU
		{1346D494-DD68-4E4B-BC13-4781EAB42C09}.Release|iPhone.Build.0 = Release|Any CPU
		{1346D494-DD68-4E4B-BC13-4781EAB42C09}.Release|iPhoneSimulator.ActiveCfg = Release|Any CPU
		{1346D494-DD68-4E4B-BC13-4781EAB42C09}.Release|iPhoneSimulator.Build.0 = Release|Any CPU
		{1346D494-DD68-4E4B-BC13-4781EAB42C09}.Release|x64.ActiveCfg = Release|Any CPU
		{1346D494-DD68-4E4B-BC13-4781EAB42C09}.Release|x64.Build.0 = Release|Any CPU
		{1346D494-DD68-4E4B-BC13-4781EAB42C09}.Release|x86.ActiveCfg = Release|Any CPU
		{1346D494-DD68-4E4B-BC13-4781EAB42C09}.Release|x86.Build.0 = Release|Any CPU
		{536541D9-36DB-4782-8B99-31439A515982}.Ad-Hoc|Any CPU.ActiveCfg = Debug|Any CPU
		{536541D9-36DB-4782-8B99-31439A515982}.Ad-Hoc|Any CPU.Build.0 = Debug|Any CPU
		{536541D9-36DB-4782-8B99-31439A515982}.Ad-Hoc|ARM.ActiveCfg = Debug|Any CPU
		{536541D9-36DB-4782-8B99-31439A515982}.Ad-Hoc|ARM.Build.0 = Debug|Any CPU
		{536541D9-36DB-4782-8B99-31439A515982}.Ad-Hoc|iPhone.ActiveCfg = Debug|Any CPU
		{536541D9-36DB-4782-8B99-31439A515982}.Ad-Hoc|iPhone.Build.0 = Debug|Any CPU
		{536541D9-36DB-4782-8B99-31439A515982}.Ad-Hoc|iPhoneSimulator.ActiveCfg = Debug|Any CPU
		{536541D9-36DB-4782-8B99-31439A515982}.Ad-Hoc|iPhoneSimulator.Build.0 = Debug|Any CPU
		{536541D9-36DB-4782-8B99-31439A515982}.Ad-Hoc|x64.ActiveCfg = Debug|Any CPU
		{536541D9-36DB-4782-8B99-31439A515982}.Ad-Hoc|x64.Build.0 = Debug|Any CPU
		{536541D9-36DB-4782-8B99-31439A515982}.Ad-Hoc|x86.ActiveCfg = Debug|Any CPU
		{536541D9-36DB-4782-8B99-31439A515982}.Ad-Hoc|x86.Build.0 = Debug|Any CPU
		{536541D9-36DB-4782-8B99-31439A515982}.AppStore|Any CPU.ActiveCfg = Debug|Any CPU
		{536541D9-36DB-4782-8B99-31439A515982}.AppStore|Any CPU.Build.0 = Debug|Any CPU
		{536541D9-36DB-4782-8B99-31439A515982}.AppStore|ARM.ActiveCfg = Debug|Any CPU
		{536541D9-36DB-4782-8B99-31439A515982}.AppStore|ARM.Build.0 = Debug|Any CPU
		{536541D9-36DB-4782-8B99-31439A515982}.AppStore|iPhone.ActiveCfg = Debug|Any CPU
		{536541D9-36DB-4782-8B99-31439A515982}.AppStore|iPhone.Build.0 = Debug|Any CPU
		{536541D9-36DB-4782-8B99-31439A515982}.AppStore|iPhoneSimulator.ActiveCfg = Debug|Any CPU
		{536541D9-36DB-4782-8B99-31439A515982}.AppStore|iPhoneSimulator.Build.0 = Debug|Any CPU
		{536541D9-36DB-4782-8B99-31439A515982}.AppStore|x64.ActiveCfg = Debug|Any CPU
		{536541D9-36DB-4782-8B99-31439A515982}.AppStore|x64.Build.0 = Debug|Any CPU
		{536541D9-36DB-4782-8B99-31439A515982}.AppStore|x86.ActiveCfg = Debug|Any CPU
		{536541D9-36DB-4782-8B99-31439A515982}.AppStore|x86.Build.0 = Debug|Any CPU
		{536541D9-36DB-4782-8B99-31439A515982}.Debug|Any CPU.ActiveCfg = Debug|Any CPU
		{536541D9-36DB-4782-8B99-31439A515982}.Debug|Any CPU.Build.0 = Debug|Any CPU
		{536541D9-36DB-4782-8B99-31439A515982}.Debug|ARM.ActiveCfg = Debug|Any CPU
		{536541D9-36DB-4782-8B99-31439A515982}.Debug|ARM.Build.0 = Debug|Any CPU
		{536541D9-36DB-4782-8B99-31439A515982}.Debug|iPhone.ActiveCfg = Debug|Any CPU
		{536541D9-36DB-4782-8B99-31439A515982}.Debug|iPhone.Build.0 = Debug|Any CPU
		{536541D9-36DB-4782-8B99-31439A515982}.Debug|iPhoneSimulator.ActiveCfg = Debug|Any CPU
		{536541D9-36DB-4782-8B99-31439A515982}.Debug|iPhoneSimulator.Build.0 = Debug|Any CPU
		{536541D9-36DB-4782-8B99-31439A515982}.Debug|x64.ActiveCfg = Debug|Any CPU
		{536541D9-36DB-4782-8B99-31439A515982}.Debug|x64.Build.0 = Debug|Any CPU
		{536541D9-36DB-4782-8B99-31439A515982}.Debug|x86.ActiveCfg = Debug|Any CPU
		{536541D9-36DB-4782-8B99-31439A515982}.Debug|x86.Build.0 = Debug|Any CPU
		{536541D9-36DB-4782-8B99-31439A515982}.Release|Any CPU.ActiveCfg = Release|Any CPU
		{536541D9-36DB-4782-8B99-31439A515982}.Release|Any CPU.Build.0 = Release|Any CPU
		{536541D9-36DB-4782-8B99-31439A515982}.Release|ARM.ActiveCfg = Release|Any CPU
		{536541D9-36DB-4782-8B99-31439A515982}.Release|ARM.Build.0 = Release|Any CPU
		{536541D9-36DB-4782-8B99-31439A515982}.Release|iPhone.ActiveCfg = Release|Any CPU
		{536541D9-36DB-4782-8B99-31439A515982}.Release|iPhone.Build.0 = Release|Any CPU
		{536541D9-36DB-4782-8B99-31439A515982}.Release|iPhoneSimulator.ActiveCfg = Release|Any CPU
		{536541D9-36DB-4782-8B99-31439A515982}.Release|iPhoneSimulator.Build.0 = Release|Any CPU
		{536541D9-36DB-4782-8B99-31439A515982}.Release|x64.ActiveCfg = Release|Any CPU
		{536541D9-36DB-4782-8B99-31439A515982}.Release|x64.Build.0 = Release|Any CPU
		{536541D9-36DB-4782-8B99-31439A515982}.Release|x86.ActiveCfg = Release|Any CPU
		{536541D9-36DB-4782-8B99-31439A515982}.Release|x86.Build.0 = Release|Any CPU
		{CECC79C0-C169-4476-B5B6-8735E336033E}.Ad-Hoc|Any CPU.ActiveCfg = Debug|Any CPU
		{CECC79C0-C169-4476-B5B6-8735E336033E}.Ad-Hoc|Any CPU.Build.0 = Debug|Any CPU
		{CECC79C0-C169-4476-B5B6-8735E336033E}.Ad-Hoc|ARM.ActiveCfg = Debug|Any CPU
		{CECC79C0-C169-4476-B5B6-8735E336033E}.Ad-Hoc|ARM.Build.0 = Debug|Any CPU
		{CECC79C0-C169-4476-B5B6-8735E336033E}.Ad-Hoc|iPhone.ActiveCfg = Debug|Any CPU
		{CECC79C0-C169-4476-B5B6-8735E336033E}.Ad-Hoc|iPhone.Build.0 = Debug|Any CPU
		{CECC79C0-C169-4476-B5B6-8735E336033E}.Ad-Hoc|iPhoneSimulator.ActiveCfg = Debug|Any CPU
		{CECC79C0-C169-4476-B5B6-8735E336033E}.Ad-Hoc|iPhoneSimulator.Build.0 = Debug|Any CPU
		{CECC79C0-C169-4476-B5B6-8735E336033E}.Ad-Hoc|x64.ActiveCfg = Debug|Any CPU
		{CECC79C0-C169-4476-B5B6-8735E336033E}.Ad-Hoc|x64.Build.0 = Debug|Any CPU
		{CECC79C0-C169-4476-B5B6-8735E336033E}.Ad-Hoc|x86.ActiveCfg = Debug|Any CPU
		{CECC79C0-C169-4476-B5B6-8735E336033E}.Ad-Hoc|x86.Build.0 = Debug|Any CPU
		{CECC79C0-C169-4476-B5B6-8735E336033E}.AppStore|Any CPU.ActiveCfg = Debug|Any CPU
		{CECC79C0-C169-4476-B5B6-8735E336033E}.AppStore|Any CPU.Build.0 = Debug|Any CPU
		{CECC79C0-C169-4476-B5B6-8735E336033E}.AppStore|ARM.ActiveCfg = Debug|Any CPU
		{CECC79C0-C169-4476-B5B6-8735E336033E}.AppStore|ARM.Build.0 = Debug|Any CPU
		{CECC79C0-C169-4476-B5B6-8735E336033E}.AppStore|iPhone.ActiveCfg = Debug|Any CPU
		{CECC79C0-C169-4476-B5B6-8735E336033E}.AppStore|iPhone.Build.0 = Debug|Any CPU
		{CECC79C0-C169-4476-B5B6-8735E336033E}.AppStore|iPhoneSimulator.ActiveCfg = Debug|Any CPU
		{CECC79C0-C169-4476-B5B6-8735E336033E}.AppStore|iPhoneSimulator.Build.0 = Debug|Any CPU
		{CECC79C0-C169-4476-B5B6-8735E336033E}.AppStore|x64.ActiveCfg = Debug|Any CPU
		{CECC79C0-C169-4476-B5B6-8735E336033E}.AppStore|x64.Build.0 = Debug|Any CPU
		{CECC79C0-C169-4476-B5B6-8735E336033E}.AppStore|x86.ActiveCfg = Debug|Any CPU
		{CECC79C0-C169-4476-B5B6-8735E336033E}.AppStore|x86.Build.0 = Debug|Any CPU
		{CECC79C0-C169-4476-B5B6-8735E336033E}.Debug|Any CPU.ActiveCfg = Debug|Any CPU
		{CECC79C0-C169-4476-B5B6-8735E336033E}.Debug|Any CPU.Build.0 = Debug|Any CPU
		{CECC79C0-C169-4476-B5B6-8735E336033E}.Debug|ARM.ActiveCfg = Debug|Any CPU
		{CECC79C0-C169-4476-B5B6-8735E336033E}.Debug|ARM.Build.0 = Debug|Any CPU
		{CECC79C0-C169-4476-B5B6-8735E336033E}.Debug|iPhone.ActiveCfg = Debug|Any CPU
		{CECC79C0-C169-4476-B5B6-8735E336033E}.Debug|iPhone.Build.0 = Debug|Any CPU
		{CECC79C0-C169-4476-B5B6-8735E336033E}.Debug|iPhoneSimulator.ActiveCfg = Debug|Any CPU
		{CECC79C0-C169-4476-B5B6-8735E336033E}.Debug|iPhoneSimulator.Build.0 = Debug|Any CPU
		{CECC79C0-C169-4476-B5B6-8735E336033E}.Debug|x64.ActiveCfg = Debug|Any CPU
		{CECC79C0-C169-4476-B5B6-8735E336033E}.Debug|x64.Build.0 = Debug|Any CPU
		{CECC79C0-C169-4476-B5B6-8735E336033E}.Debug|x86.ActiveCfg = Debug|Any CPU
		{CECC79C0-C169-4476-B5B6-8735E336033E}.Debug|x86.Build.0 = Debug|Any CPU
		{CECC79C0-C169-4476-B5B6-8735E336033E}.Release|Any CPU.ActiveCfg = Release|Any CPU
		{CECC79C0-C169-4476-B5B6-8735E336033E}.Release|Any CPU.Build.0 = Release|Any CPU
		{CECC79C0-C169-4476-B5B6-8735E336033E}.Release|ARM.ActiveCfg = Release|Any CPU
		{CECC79C0-C169-4476-B5B6-8735E336033E}.Release|ARM.Build.0 = Release|Any CPU
		{CECC79C0-C169-4476-B5B6-8735E336033E}.Release|iPhone.ActiveCfg = Release|Any CPU
		{CECC79C0-C169-4476-B5B6-8735E336033E}.Release|iPhone.Build.0 = Release|Any CPU
		{CECC79C0-C169-4476-B5B6-8735E336033E}.Release|iPhoneSimulator.ActiveCfg = Release|Any CPU
		{CECC79C0-C169-4476-B5B6-8735E336033E}.Release|iPhoneSimulator.Build.0 = Release|Any CPU
		{CECC79C0-C169-4476-B5B6-8735E336033E}.Release|x64.ActiveCfg = Release|Any CPU
		{CECC79C0-C169-4476-B5B6-8735E336033E}.Release|x64.Build.0 = Release|Any CPU
		{CECC79C0-C169-4476-B5B6-8735E336033E}.Release|x86.ActiveCfg = Release|Any CPU
		{CECC79C0-C169-4476-B5B6-8735E336033E}.Release|x86.Build.0 = Release|Any CPU
		{C32AA9A7-15E9-4DE5-AC5D-6A5FCFF9FAC1}.Ad-Hoc|Any CPU.ActiveCfg = Debug|Any CPU
		{C32AA9A7-15E9-4DE5-AC5D-6A5FCFF9FAC1}.Ad-Hoc|Any CPU.Build.0 = Debug|Any CPU
		{C32AA9A7-15E9-4DE5-AC5D-6A5FCFF9FAC1}.Ad-Hoc|ARM.ActiveCfg = Debug|Any CPU
		{C32AA9A7-15E9-4DE5-AC5D-6A5FCFF9FAC1}.Ad-Hoc|ARM.Build.0 = Debug|Any CPU
		{C32AA9A7-15E9-4DE5-AC5D-6A5FCFF9FAC1}.Ad-Hoc|iPhone.ActiveCfg = Debug|Any CPU
		{C32AA9A7-15E9-4DE5-AC5D-6A5FCFF9FAC1}.Ad-Hoc|iPhone.Build.0 = Debug|Any CPU
		{C32AA9A7-15E9-4DE5-AC5D-6A5FCFF9FAC1}.Ad-Hoc|iPhoneSimulator.ActiveCfg = Debug|Any CPU
		{C32AA9A7-15E9-4DE5-AC5D-6A5FCFF9FAC1}.Ad-Hoc|iPhoneSimulator.Build.0 = Debug|Any CPU
		{C32AA9A7-15E9-4DE5-AC5D-6A5FCFF9FAC1}.Ad-Hoc|x64.ActiveCfg = Debug|Any CPU
		{C32AA9A7-15E9-4DE5-AC5D-6A5FCFF9FAC1}.Ad-Hoc|x64.Build.0 = Debug|Any CPU
		{C32AA9A7-15E9-4DE5-AC5D-6A5FCFF9FAC1}.Ad-Hoc|x86.ActiveCfg = Debug|Any CPU
		{C32AA9A7-15E9-4DE5-AC5D-6A5FCFF9FAC1}.Ad-Hoc|x86.Build.0 = Debug|Any CPU
		{C32AA9A7-15E9-4DE5-AC5D-6A5FCFF9FAC1}.AppStore|Any CPU.ActiveCfg = Debug|Any CPU
		{C32AA9A7-15E9-4DE5-AC5D-6A5FCFF9FAC1}.AppStore|Any CPU.Build.0 = Debug|Any CPU
		{C32AA9A7-15E9-4DE5-AC5D-6A5FCFF9FAC1}.AppStore|ARM.ActiveCfg = Debug|Any CPU
		{C32AA9A7-15E9-4DE5-AC5D-6A5FCFF9FAC1}.AppStore|ARM.Build.0 = Debug|Any CPU
		{C32AA9A7-15E9-4DE5-AC5D-6A5FCFF9FAC1}.AppStore|iPhone.ActiveCfg = Debug|Any CPU
		{C32AA9A7-15E9-4DE5-AC5D-6A5FCFF9FAC1}.AppStore|iPhone.Build.0 = Debug|Any CPU
		{C32AA9A7-15E9-4DE5-AC5D-6A5FCFF9FAC1}.AppStore|iPhoneSimulator.ActiveCfg = Debug|Any CPU
		{C32AA9A7-15E9-4DE5-AC5D-6A5FCFF9FAC1}.AppStore|iPhoneSimulator.Build.0 = Debug|Any CPU
		{C32AA9A7-15E9-4DE5-AC5D-6A5FCFF9FAC1}.AppStore|x64.ActiveCfg = Debug|Any CPU
		{C32AA9A7-15E9-4DE5-AC5D-6A5FCFF9FAC1}.AppStore|x64.Build.0 = Debug|Any CPU
		{C32AA9A7-15E9-4DE5-AC5D-6A5FCFF9FAC1}.AppStore|x86.ActiveCfg = Debug|Any CPU
		{C32AA9A7-15E9-4DE5-AC5D-6A5FCFF9FAC1}.AppStore|x86.Build.0 = Debug|Any CPU
		{C32AA9A7-15E9-4DE5-AC5D-6A5FCFF9FAC1}.Debug|Any CPU.ActiveCfg = Debug|Any CPU
		{C32AA9A7-15E9-4DE5-AC5D-6A5FCFF9FAC1}.Debug|Any CPU.Build.0 = Debug|Any CPU
		{C32AA9A7-15E9-4DE5-AC5D-6A5FCFF9FAC1}.Debug|ARM.ActiveCfg = Debug|Any CPU
		{C32AA9A7-15E9-4DE5-AC5D-6A5FCFF9FAC1}.Debug|ARM.Build.0 = Debug|Any CPU
		{C32AA9A7-15E9-4DE5-AC5D-6A5FCFF9FAC1}.Debug|iPhone.ActiveCfg = Debug|Any CPU
		{C32AA9A7-15E9-4DE5-AC5D-6A5FCFF9FAC1}.Debug|iPhone.Build.0 = Debug|Any CPU
		{C32AA9A7-15E9-4DE5-AC5D-6A5FCFF9FAC1}.Debug|iPhoneSimulator.ActiveCfg = Debug|Any CPU
		{C32AA9A7-15E9-4DE5-AC5D-6A5FCFF9FAC1}.Debug|iPhoneSimulator.Build.0 = Debug|Any CPU
		{C32AA9A7-15E9-4DE5-AC5D-6A5FCFF9FAC1}.Debug|x64.ActiveCfg = Debug|Any CPU
		{C32AA9A7-15E9-4DE5-AC5D-6A5FCFF9FAC1}.Debug|x64.Build.0 = Debug|Any CPU
		{C32AA9A7-15E9-4DE5-AC5D-6A5FCFF9FAC1}.Debug|x86.ActiveCfg = Debug|Any CPU
		{C32AA9A7-15E9-4DE5-AC5D-6A5FCFF9FAC1}.Debug|x86.Build.0 = Debug|Any CPU
		{C32AA9A7-15E9-4DE5-AC5D-6A5FCFF9FAC1}.Release|Any CPU.ActiveCfg = Release|Any CPU
		{C32AA9A7-15E9-4DE5-AC5D-6A5FCFF9FAC1}.Release|Any CPU.Build.0 = Release|Any CPU
		{C32AA9A7-15E9-4DE5-AC5D-6A5FCFF9FAC1}.Release|ARM.ActiveCfg = Release|Any CPU
		{C32AA9A7-15E9-4DE5-AC5D-6A5FCFF9FAC1}.Release|ARM.Build.0 = Release|Any CPU
		{C32AA9A7-15E9-4DE5-AC5D-6A5FCFF9FAC1}.Release|iPhone.ActiveCfg = Release|Any CPU
		{C32AA9A7-15E9-4DE5-AC5D-6A5FCFF9FAC1}.Release|iPhone.Build.0 = Release|Any CPU
		{C32AA9A7-15E9-4DE5-AC5D-6A5FCFF9FAC1}.Release|iPhoneSimulator.ActiveCfg = Release|Any CPU
		{C32AA9A7-15E9-4DE5-AC5D-6A5FCFF9FAC1}.Release|iPhoneSimulator.Build.0 = Release|Any CPU
		{C32AA9A7-15E9-4DE5-AC5D-6A5FCFF9FAC1}.Release|x64.ActiveCfg = Release|Any CPU
		{C32AA9A7-15E9-4DE5-AC5D-6A5FCFF9FAC1}.Release|x64.Build.0 = Release|Any CPU
		{C32AA9A7-15E9-4DE5-AC5D-6A5FCFF9FAC1}.Release|x86.ActiveCfg = Release|Any CPU
		{C32AA9A7-15E9-4DE5-AC5D-6A5FCFF9FAC1}.Release|x86.Build.0 = Release|Any CPU
		{7A407D4E-FC53-4F53-8D48-79E6E2C2A6DA}.Ad-Hoc|Any CPU.ActiveCfg = Debug|Any CPU
		{7A407D4E-FC53-4F53-8D48-79E6E2C2A6DA}.Ad-Hoc|Any CPU.Build.0 = Debug|Any CPU
		{7A407D4E-FC53-4F53-8D48-79E6E2C2A6DA}.Ad-Hoc|ARM.ActiveCfg = Debug|Any CPU
		{7A407D4E-FC53-4F53-8D48-79E6E2C2A6DA}.Ad-Hoc|ARM.Build.0 = Debug|Any CPU
		{7A407D4E-FC53-4F53-8D48-79E6E2C2A6DA}.Ad-Hoc|iPhone.ActiveCfg = Debug|Any CPU
		{7A407D4E-FC53-4F53-8D48-79E6E2C2A6DA}.Ad-Hoc|iPhone.Build.0 = Debug|Any CPU
		{7A407D4E-FC53-4F53-8D48-79E6E2C2A6DA}.Ad-Hoc|iPhoneSimulator.ActiveCfg = Debug|Any CPU
		{7A407D4E-FC53-4F53-8D48-79E6E2C2A6DA}.Ad-Hoc|iPhoneSimulator.Build.0 = Debug|Any CPU
		{7A407D4E-FC53-4F53-8D48-79E6E2C2A6DA}.Ad-Hoc|x64.ActiveCfg = Debug|Any CPU
		{7A407D4E-FC53-4F53-8D48-79E6E2C2A6DA}.Ad-Hoc|x64.Build.0 = Debug|Any CPU
		{7A407D4E-FC53-4F53-8D48-79E6E2C2A6DA}.Ad-Hoc|x86.ActiveCfg = Debug|Any CPU
		{7A407D4E-FC53-4F53-8D48-79E6E2C2A6DA}.Ad-Hoc|x86.Build.0 = Debug|Any CPU
		{7A407D4E-FC53-4F53-8D48-79E6E2C2A6DA}.AppStore|Any CPU.ActiveCfg = Debug|Any CPU
		{7A407D4E-FC53-4F53-8D48-79E6E2C2A6DA}.AppStore|Any CPU.Build.0 = Debug|Any CPU
		{7A407D4E-FC53-4F53-8D48-79E6E2C2A6DA}.AppStore|ARM.ActiveCfg = Debug|Any CPU
		{7A407D4E-FC53-4F53-8D48-79E6E2C2A6DA}.AppStore|ARM.Build.0 = Debug|Any CPU
		{7A407D4E-FC53-4F53-8D48-79E6E2C2A6DA}.AppStore|iPhone.ActiveCfg = Debug|Any CPU
		{7A407D4E-FC53-4F53-8D48-79E6E2C2A6DA}.AppStore|iPhone.Build.0 = Debug|Any CPU
		{7A407D4E-FC53-4F53-8D48-79E6E2C2A6DA}.AppStore|iPhoneSimulator.ActiveCfg = Debug|Any CPU
		{7A407D4E-FC53-4F53-8D48-79E6E2C2A6DA}.AppStore|iPhoneSimulator.Build.0 = Debug|Any CPU
		{7A407D4E-FC53-4F53-8D48-79E6E2C2A6DA}.AppStore|x64.ActiveCfg = Debug|Any CPU
		{7A407D4E-FC53-4F53-8D48-79E6E2C2A6DA}.AppStore|x64.Build.0 = Debug|Any CPU
		{7A407D4E-FC53-4F53-8D48-79E6E2C2A6DA}.AppStore|x86.ActiveCfg = Debug|Any CPU
		{7A407D4E-FC53-4F53-8D48-79E6E2C2A6DA}.AppStore|x86.Build.0 = Debug|Any CPU
		{7A407D4E-FC53-4F53-8D48-79E6E2C2A6DA}.Debug|Any CPU.ActiveCfg = Debug|Any CPU
		{7A407D4E-FC53-4F53-8D48-79E6E2C2A6DA}.Debug|Any CPU.Build.0 = Debug|Any CPU
		{7A407D4E-FC53-4F53-8D48-79E6E2C2A6DA}.Debug|ARM.ActiveCfg = Debug|Any CPU
		{7A407D4E-FC53-4F53-8D48-79E6E2C2A6DA}.Debug|ARM.Build.0 = Debug|Any CPU
		{7A407D4E-FC53-4F53-8D48-79E6E2C2A6DA}.Debug|iPhone.ActiveCfg = Debug|Any CPU
		{7A407D4E-FC53-4F53-8D48-79E6E2C2A6DA}.Debug|iPhone.Build.0 = Debug|Any CPU
		{7A407D4E-FC53-4F53-8D48-79E6E2C2A6DA}.Debug|iPhoneSimulator.ActiveCfg = Debug|Any CPU
		{7A407D4E-FC53-4F53-8D48-79E6E2C2A6DA}.Debug|iPhoneSimulator.Build.0 = Debug|Any CPU
		{7A407D4E-FC53-4F53-8D48-79E6E2C2A6DA}.Debug|x64.ActiveCfg = Debug|Any CPU
		{7A407D4E-FC53-4F53-8D48-79E6E2C2A6DA}.Debug|x64.Build.0 = Debug|Any CPU
		{7A407D4E-FC53-4F53-8D48-79E6E2C2A6DA}.Debug|x86.ActiveCfg = Debug|Any CPU
		{7A407D4E-FC53-4F53-8D48-79E6E2C2A6DA}.Debug|x86.Build.0 = Debug|Any CPU
		{7A407D4E-FC53-4F53-8D48-79E6E2C2A6DA}.Release|Any CPU.ActiveCfg = Release|Any CPU
		{7A407D4E-FC53-4F53-8D48-79E6E2C2A6DA}.Release|Any CPU.Build.0 = Release|Any CPU
		{7A407D4E-FC53-4F53-8D48-79E6E2C2A6DA}.Release|ARM.ActiveCfg = Release|Any CPU
		{7A407D4E-FC53-4F53-8D48-79E6E2C2A6DA}.Release|ARM.Build.0 = Release|Any CPU
		{7A407D4E-FC53-4F53-8D48-79E6E2C2A6DA}.Release|iPhone.ActiveCfg = Release|Any CPU
		{7A407D4E-FC53-4F53-8D48-79E6E2C2A6DA}.Release|iPhone.Build.0 = Release|Any CPU
		{7A407D4E-FC53-4F53-8D48-79E6E2C2A6DA}.Release|iPhoneSimulator.ActiveCfg = Release|Any CPU
		{7A407D4E-FC53-4F53-8D48-79E6E2C2A6DA}.Release|iPhoneSimulator.Build.0 = Release|Any CPU
		{7A407D4E-FC53-4F53-8D48-79E6E2C2A6DA}.Release|x64.ActiveCfg = Release|Any CPU
		{7A407D4E-FC53-4F53-8D48-79E6E2C2A6DA}.Release|x64.Build.0 = Release|Any CPU
		{7A407D4E-FC53-4F53-8D48-79E6E2C2A6DA}.Release|x86.ActiveCfg = Release|Any CPU
		{7A407D4E-FC53-4F53-8D48-79E6E2C2A6DA}.Release|x86.Build.0 = Release|Any CPU
	EndGlobalSection
	GlobalSection(SolutionProperties) = preSolution
		HideSolutionNode = FALSE
	EndGlobalSection
	GlobalSection(ExtensibilityGlobals) = postSolution
		SolutionGuid = {F6D05029-56B8-4E45-AF2D-0E76295DDBA2}
	EndGlobalSection
EndGlobal
