
Microsoft Visual Studio Solution File, Format Version 12.00
# Visual Studio 15
VisualStudioVersion = 15.0.26124.0
MinimumVisualStudioVersion = 15.0.26124.0
Project("{FAE04EC0-301F-11D3-BF4B-00C04F79EFBC}") = "PlayAndLearn", "PlayAndLearn\PlayAndLearn.csproj", "{DC4CC9B5-7578-4740-9179-FC8F9D4B576D}"
EndProject
Project("{FAE04EC0-301F-11D3-BF4B-00C04F79EFBC}") = "PlayAndLearn.Sample", "PlayAndLearn.Sample\PlayAndLearn.Sample.csproj", "{84B974DA-6C7D-4C74-9CD5-8A7C2BC8262E}"
EndProject
Project("{FAE04EC0-301F-11D3-BF4B-00C04F79EFBC}") = "PlayAndLearn.Test", "PlayAndLearn.Test\PlayAndLearn.Test.csproj", "{D97855AB-3D18-4CF1-A68E-FD71758BD1AF}"
EndProject
Global
	GlobalSection(SolutionConfigurationPlatforms) = preSolution
		Debug|Any CPU = Debug|Any CPU
		Debug|x64 = Debug|x64
		Debug|x86 = Debug|x86
		Release|Any CPU = Release|Any CPU
		Release|x64 = Release|x64
		Release|x86 = Release|x86
	EndGlobalSection
	GlobalSection(SolutionProperties) = preSolution
		HideSolutionNode = FALSE
	EndGlobalSection
	GlobalSection(ProjectConfigurationPlatforms) = postSolution
		{DC4CC9B5-7578-4740-9179-FC8F9D4B576D}.Debug|Any CPU.ActiveCfg = Debug|Any CPU
		{DC4CC9B5-7578-4740-9179-FC8F9D4B576D}.Debug|Any CPU.Build.0 = Debug|Any CPU
		{DC4CC9B5-7578-4740-9179-FC8F9D4B576D}.Debug|x64.ActiveCfg = Debug|Any CPU
		{DC4CC9B5-7578-4740-9179-FC8F9D4B576D}.Debug|x64.Build.0 = Debug|Any CPU
		{DC4CC9B5-7578-4740-9179-FC8F9D4B576D}.Debug|x86.ActiveCfg = Debug|Any CPU
		{DC4CC9B5-7578-4740-9179-FC8F9D4B576D}.Debug|x86.Build.0 = Debug|Any CPU
		{DC4CC9B5-7578-4740-9179-FC8F9D4B576D}.Release|Any CPU.ActiveCfg = Release|Any CPU
		{DC4CC9B5-7578-4740-9179-FC8F9D4B576D}.Release|Any CPU.Build.0 = Release|Any CPU
		{DC4CC9B5-7578-4740-9179-FC8F9D4B576D}.Release|x64.ActiveCfg = Release|Any CPU
		{DC4CC9B5-7578-4740-9179-FC8F9D4B576D}.Release|x64.Build.0 = Release|Any CPU
		{DC4CC9B5-7578-4740-9179-FC8F9D4B576D}.Release|x86.ActiveCfg = Release|Any CPU
		{DC4CC9B5-7578-4740-9179-FC8F9D4B576D}.Release|x86.Build.0 = Release|Any CPU
		{84B974DA-6C7D-4C74-9CD5-8A7C2BC8262E}.Debug|Any CPU.ActiveCfg = Debug|Any CPU
		{84B974DA-6C7D-4C74-9CD5-8A7C2BC8262E}.Debug|Any CPU.Build.0 = Debug|Any CPU
		{84B974DA-6C7D-4C74-9CD5-8A7C2BC8262E}.Debug|x64.ActiveCfg = Debug|Any CPU
		{84B974DA-6C7D-4C74-9CD5-8A7C2BC8262E}.Debug|x64.Build.0 = Debug|Any CPU
		{84B974DA-6C7D-4C74-9CD5-8A7C2BC8262E}.Debug|x86.ActiveCfg = Debug|Any CPU
		{84B974DA-6C7D-4C74-9CD5-8A7C2BC8262E}.Debug|x86.Build.0 = Debug|Any CPU
		{84B974DA-6C7D-4C74-9CD5-8A7C2BC8262E}.Release|Any CPU.ActiveCfg = Release|Any CPU
		{84B974DA-6C7D-4C74-9CD5-8A7C2BC8262E}.Release|Any CPU.Build.0 = Release|Any CPU
		{84B974DA-6C7D-4C74-9CD5-8A7C2BC8262E}.Release|x64.ActiveCfg = Release|Any CPU
		{84B974DA-6C7D-4C74-9CD5-8A7C2BC8262E}.Release|x64.Build.0 = Release|Any CPU
		{84B974DA-6C7D-4C74-9CD5-8A7C2BC8262E}.Release|x86.ActiveCfg = Release|Any CPU
		{84B974DA-6C7D-4C74-9CD5-8A7C2BC8262E}.Release|x86.Build.0 = Release|Any CPU
		{D97855AB-3D18-4CF1-A68E-FD71758BD1AF}.Debug|Any CPU.ActiveCfg = Debug|Any CPU
		{D97855AB-3D18-4CF1-A68E-FD71758BD1AF}.Debug|Any CPU.Build.0 = Debug|Any CPU
		{D97855AB-3D18-4CF1-A68E-FD71758BD1AF}.Debug|x64.ActiveCfg = Debug|Any CPU
		{D97855AB-3D18-4CF1-A68E-FD71758BD1AF}.Debug|x64.Build.0 = Debug|Any CPU
		{D97855AB-3D18-4CF1-A68E-FD71758BD1AF}.Debug|x86.ActiveCfg = Debug|Any CPU
		{D97855AB-3D18-4CF1-A68E-FD71758BD1AF}.Debug|x86.Build.0 = Debug|Any CPU
		{D97855AB-3D18-4CF1-A68E-FD71758BD1AF}.Release|Any CPU.ActiveCfg = Release|Any CPU
		{D97855AB-3D18-4CF1-A68E-FD71758BD1AF}.Release|Any CPU.Build.0 = Release|Any CPU
		{D97855AB-3D18-4CF1-A68E-FD71758BD1AF}.Release|x64.ActiveCfg = Release|Any CPU
		{D97855AB-3D18-4CF1-A68E-FD71758BD1AF}.Release|x64.Build.0 = Release|Any CPU
		{D97855AB-3D18-4CF1-A68E-FD71758BD1AF}.Release|x86.ActiveCfg = Release|Any CPU
		{D97855AB-3D18-4CF1-A68E-FD71758BD1AF}.Release|x86.Build.0 = Release|Any CPU
	EndGlobalSection
EndGlobal
